<?xml version="1.0" encoding="utf-8"?>
<Project ToolsVersion="4.0" xmlns="http://schemas.microsoft.com/developer/msbuild/2003">
  <ItemGroup>
    <Filter Include="Source Files">
      <UniqueIdentifier>{4FC737F1-C7A5-4376-A066-2A32D752A2FF}</UniqueIdentifier>
      <Extensions>cpp;c;cc;cxx;def;odl;idl;hpj;bat;asm;asmx</Extensions>
    </Filter>
    <Filter Include="Header Files">
      <UniqueIdentifier>{93995380-89BD-4b04-88EB-625FBE52EBFB}</UniqueIdentifier>
      <Extensions>h;hpp;hxx;hm;inl;inc;xsd</Extensions>
    </Filter>
    <Filter Include="Resource Files">
      <UniqueIdentifier>{67DA6AB6-F800-4c08-8B7A-83BB121AAD01}</UniqueIdentifier>
      <Extensions>rc;ico;cur;bmp;dlg;rc2;rct;bin;rgs;gif;jpg;jpeg;jpe;resx;tiff;tif;png;wav;mfcribbon-ms</Extensions>
    </Filter>
    <Filter Include="Driver Files">
      <UniqueIdentifier>{8E41214B-6785-4CFE-B992-037D68949A14}</UniqueIdentifier>
      <Extensions>inf;inv;inx;mof;mc;</Extensions>
    </Filter>
  </ItemGroup>
  <ItemGroup>
    <None Include=".gitattributes">
      <Filter>Resource Files</Filter>
    </None>
    <None Include=".gitignore">
      <Filter>Resource Files</Filter>
    </None>
    <None Include="CMakeSettings.json">
      <Filter>Resource Files</Filter>
    </None>
    <None Include="src\KMCSpaceFS.rc.in">
      <Filter>Resource Files</Filter>
    </None>
    <None Include="LICENSE">
      <Filter>Resource Files</Filter>
    </None>
    <None Include="mingw-amd64.cmake">
      <Filter>Resource Files</Filter>
    </None>
    <None Include="mingw-x86.cmake">
      <Filter>Resource Files</Filter>
    </None>
    <None Include="Copy.bat">
      <Filter>Resource Files</Filter>
    </None>
  </ItemGroup>
  <ItemGroup>
    <ClCompile Include="src\boot.c">
      <Filter>Source Files</Filter>
    </ClCompile>
    <ClCompile Include="src\create.c">
      <Filter>Source Files</Filter>
    </ClCompile>
    <ClCompile Include="src\CSpaceFS.c">
      <Filter>Source Files</Filter>
    </ClCompile>
    <ClCompile Include="src\devctrl.c">
      <Filter>Source Files</Filter>
    </ClCompile>
    <ClCompile Include="src\Dict.c">
      <Filter>Source Files</Filter>
    </ClCompile>
    <ClCompile Include="src\dirctrl.c">
      <Filter>Source Files</Filter>
    </ClCompile>
    <ClCompile Include="src\fastio.c">
      <Filter>Source Files</Filter>
    </ClCompile>
    <ClCompile Include="src\fileinfo.c">
      <Filter>Source Files</Filter>
    </ClCompile>
    <ClCompile Include="src\fsctl.c">
      <Filter>Source Files</Filter>
    </ClCompile>
    <ClCompile Include="src\KMCSpaceFS.c">
      <Filter>Source Files</Filter>
    </ClCompile>
    <ClCompile Include="src\pnp.c">
      <Filter>Source Files</Filter>
    </ClCompile>
    <ClCompile Include="src\read.c">
      <Filter>Source Files</Filter>
    </ClCompile>
    <ClCompile Include="src\registry.c">
      <Filter>Source Files</Filter>
    </ClCompile>
    <ClCompile Include="src\search.c">
      <Filter>Source Files</Filter>
    </ClCompile>
    <ClCompile Include="src\security.c">
      <Filter>Source Files</Filter>
    </ClCompile>
    <ClCompile Include="src\Sha3.c">
      <Filter>Source Files</Filter>
    </ClCompile>
    <ClCompile Include="src\volume.c">
      <Filter>Source Files</Filter>
    </ClCompile>
    <ClCompile Include="src\write.c">
      <Filter>Source Files</Filter>
    </ClCompile>
  </ItemGroup>
  <ItemGroup>
    <ClInclude Include="src\Dict.h">
      <Filter>Header Files</Filter>
    </ClInclude>
    <ClInclude Include="src\KMCSpaceFS.h">
      <Filter>Header Files</Filter>
    </ClInclude>
    <ClInclude Include="src\KMCSpaceFS_drv.h">
      <Filter>Header Files</Filter>
    </ClInclude>
    <ClInclude Include="src\KMCSpaceFSioctl.h">
      <Filter>Header Files</Filter>
    </ClInclude>
    <ClInclude Include="src\resource.h">
      <Filter>Header Files</Filter>
    </ClInclude>
    <ClInclude Include="src\Sha3.h">
      <Filter>Header Files</Filter>
    </ClInclude>
  </ItemGroup>
  <ItemGroup>
    <Inf Include="src\KMCSpaceFS.inf">
      <Filter>Driver Files</Filter>
    </Inf>
    <Inf Include="src\KMCSpaceFS-VOL.inf">
      <Filter>Driver Files</Filter>
    </Inf>
  </ItemGroup>
  <ItemGroup>
    <Text Include="CMakeLists.txt">
      <Filter>Resource Files</Filter>
    </Text>
  </ItemGroup>
</Project>