
Microsoft Visual Studio Solution File, Format Version 12.00
# Visual Studio Version 17
VisualStudioVersion = 17.14.36603.0 d17.14
MinimumVisualStudioVersion = 10.0.40219.1
Project("{8BC9CEB8-8B4A-11D0-8D11-00A0C91BC942}") = "KMCSpaceFS", "KMCSpaceFS.vcxproj", "{E3D86E56-83C1-210A-E1BB-BDE4FA962ADC}"
EndProject
Global
	GlobalSection(SolutionConfigurationPlatforms) = preSolution
		Debug|ARM64 = Debug|ARM64
		Debug|x64 = Debug|x64
		Release|ARM64 = Release|ARM64
		Release|x64 = Release|x64
	EndGlobalSection
	GlobalSection(ProjectConfigurationPlatforms) = postSolution
		{E3D86E56-83C1-210A-E1BB-BDE4FA962ADC}.Debug|ARM64.ActiveCfg = Debug|ARM64
		{E3D86E56-83C1-210A-E1BB-BDE4FA962ADC}.Debug|ARM64.Build.0 = Debug|ARM64
		{E3D86E56-83C1-210A-E1BB-BDE4FA962ADC}.Debug|ARM64.Deploy.0 = Debug|ARM64
		{E3D86E56-83C1-210A-E1BB-BDE4FA962ADC}.Debug|x64.ActiveCfg = Debug|x64
		{E3D86E56-83C1-210A-E1BB-BDE4FA962ADC}.Debug|x64.Build.0 = Debug|x64
		{E3D86E56-83C1-210A-E1BB-BDE4FA962ADC}.Debug|x64.Deploy.0 = Debug|x64
		{E3D86E56-83C1-210A-E1BB-BDE4FA962ADC}.Release|ARM64.ActiveCfg = Release|ARM64
		{E3D86E56-83C1-210A-E1BB-BDE4FA962ADC}.Release|ARM64.Build.0 = Release|ARM64
		{E3D86E56-83C1-210A-E1BB-BDE4FA962ADC}.Release|ARM64.Deploy.0 = Release|ARM64
		{E3D86E56-83C1-210A-E1BB-BDE4FA962ADC}.Release|x64.ActiveCfg = Release|x64
		{E3D86E56-83C1-210A-E1BB-BDE4FA962ADC}.Release|x64.Build.0 = Release|x64
		{E3D86E56-83C1-210A-E1BB-BDE4FA962ADC}.Release|x64.Deploy.0 = Release|x64
	EndGlobalSection
	GlobalSection(SolutionProperties) = preSolution
		HideSolutionNode = FALSE
	EndGlobalSection
	GlobalSection(ExtensibilityGlobals) = postSolution
		SolutionGuid = {843F98DC-0254-4F6D-A1E4-A05AA53AA24C}
	EndGlobalSection
EndGlobal
